
Microsoft Visual Studio Solution File, Format Version 12.00
# Visual Studio Version 17
VisualStudioVersion = 17.14.36408.4
MinimumVisualStudioVersion = 10.0.40219.1
Project("{FAE04EC0-301F-11D3-BF4B-00C04F79EFBC}") = "SmartEnergy", "SmartEnergy.csproj", "{BB15E845-9816-4D11-9864-CC001A75084D}"
EndProject
Project("{2150E333-8FDC-42A3-9474-1A3956D46DE8}") = "Solution Items", "Solution Items", "{02EA681E-C7D8-13C7-8484-4AC65E1B71E8}"
	ProjectSection(SolutionItems) = preProject
		docker-compose.yml = docker-compose.yml
		infra\mosquitto\mosquitto.conf = infra\mosquitto\mosquitto.conf
	EndProjectSection
EndProject
Global
	GlobalSection(SolutionConfigurationPlatforms) = preSolution
		Debug|Any CPU = Debug|Any CPU
		Release|Any CPU = Release|Any CPU
	EndGlobalSection
	GlobalSection(ProjectConfigurationPlatforms) = postSolution
		{BB15E845-9816-4D11-9864-CC001A75084D}.Debug|Any CPU.ActiveCfg = Debug|Any CPU
		{BB15E845-9816-4D11-9864-CC001A75084D}.Debug|Any CPU.Build.0 = Debug|Any CPU
		{BB15E845-9816-4D11-9864-CC001A75084D}.Release|Any CPU.ActiveCfg = Release|Any CPU
		{BB15E845-9816-4D11-9864-CC001A75084D}.Release|Any CPU.Build.0 = Release|Any CPU
	EndGlobalSection
	GlobalSection(SolutionProperties) = preSolution
		HideSolutionNode = FALSE
	EndGlobalSection
	GlobalSection(ExtensibilityGlobals) = postSolution
		SolutionGuid = {EB302173-DAA5-42A0-B610-F7B650637320}
	EndGlobalSection
EndGlobal
